<Solution>
  <Folder Name="/src/">
    <Project Path="src/BuberDinner.Api/BuberDinner.Api.csproj" />
    <Project Path="src/BuberDinner.Application/BuberDinner.Application.csproj" />
    <Project Path="src/BuberDinner.Contracts/BuberDinner.Contracts.csproj" />
    <Project Path="src/BuberDinner.Domain/BuberDinner.Domain.csproj" />
    <Project Path="src/BuberDinner.Infrastructure/BuberDinner.Infrastructure.csproj" />
  </Folder>
  <Folder Name="/tests/" />
  <Folder Name="/tests/UnitTests/">
    <Project Path="tests/UnitTests/BuberDinner.Api.UnitTests/BuberDinner.Api.UnitTests.csproj" />
    <Project Path="tests/UnitTests/BuberDinner.Application.UnitTests/BuberDinner.Application.UnitTests.csproj" />
    <Project Path="tests/UnitTests/BuberDinner.Domain.UnitTests/BuberDinner.Domain.UnitTests.csproj" />
    <Project Path="tests/UnitTests/BuberDinner.Infrastructure.UnitTests/BuberDinner.Infrastructure.UnitTests.csproj" />
  </Folder>
</Solution>
